
Microsoft Visual Studio Solution File, Format Version 12.00
# Visual Studio 15
VisualStudioVersion = 15.0.27130.2036
MinimumVisualStudioVersion = 10.0.40219.1
Project("{FAE04EC0-301F-11D3-BF4B-00C04F79EFBC}") = "WS_EHRM", "WS_EHRM\WS_EHRM.csproj", "{A5C9B7FC-AA3C-44DE-B04B-F133ED88DB06}"
EndProject
Project("{FAE04EC0-301F-11D3-BF4B-00C04F79EFBC}") = "WS_EHRM.Tests", "WS_EHRM.Tests\WS_EHRM.Tests.csproj", "{9C0D955E-CF90-4CCA-8C42-5732C8B3CE96}"
EndProject
Global
	GlobalSection(SolutionConfigurationPlatforms) = preSolution
		Debug|Any CPU = Debug|Any CPU
		Release|Any CPU = Release|Any CPU
	EndGlobalSection
	GlobalSection(ProjectConfigurationPlatforms) = postSolution
		{A5C9B7FC-AA3C-44DE-B04B-F133ED88DB06}.Debug|Any CPU.ActiveCfg = Debug|Any CPU
		{A5C9B7FC-AA3C-44DE-B04B-F133ED88DB06}.Debug|Any CPU.Build.0 = Debug|Any CPU
		{A5C9B7FC-AA3C-44DE-B04B-F133ED88DB06}.Release|Any CPU.ActiveCfg = Release|Any CPU
		{A5C9B7FC-AA3C-44DE-B04B-F133ED88DB06}.Release|Any CPU.Build.0 = Release|Any CPU
		{9C0D955E-CF90-4CCA-8C42-5732C8B3CE96}.Debug|Any CPU.ActiveCfg = Debug|Any CPU
		{9C0D955E-CF90-4CCA-8C42-5732C8B3CE96}.Debug|Any CPU.Build.0 = Debug|Any CPU
		{9C0D955E-CF90-4CCA-8C42-5732C8B3CE96}.Release|Any CPU.ActiveCfg = Release|Any CPU
		{9C0D955E-CF90-4CCA-8C42-5732C8B3CE96}.Release|Any CPU.Build.0 = Release|Any CPU
	EndGlobalSection
	GlobalSection(SolutionProperties) = preSolution
		HideSolutionNode = FALSE
	EndGlobalSection
	GlobalSection(ExtensibilityGlobals) = postSolution
		SolutionGuid = {88BE6D0F-EB7C-4579-84F3-77DA1E462ADF}
	EndGlobalSection
EndGlobal
